
Microsoft Visual Studio Solution File, Format Version 12.00
# Visual Studio Version 17
VisualStudioVersion = 17.13.35825.156
MinimumVisualStudioVersion = 10.0.40219.1
Project("{FAE04EC0-301F-11D3-BF4B-00C04F79EFBC}") = "Moonpig.Basket.Api", "..\Moonpig.Basket.Api\Moonpig.Basket.Api.csproj", "{0260004D-F8BB-4A37-AA51-18232D21BA9F}"
EndProject
Project("{FAE04EC0-301F-11D3-BF4B-00C04F79EFBC}") = "Moonpig.Basket.Api.Tests", "..\Moonpig.Basket.Api.Tests\Moonpig.Basket.Api.Tests.csproj", "{02748E34-90AF-A998-64FD-952142202DA8}"
EndProject
Global
	GlobalSection(SolutionConfigurationPlatforms) = preSolution
		Debug|Any CPU = Debug|Any CPU
		Release|Any CPU = Release|Any CPU
	EndGlobalSection
	GlobalSection(ProjectConfigurationPlatforms) = postSolution
		{0260004D-F8BB-4A37-AA51-18232D21BA9F}.Debug|Any CPU.ActiveCfg = Debug|Any CPU
		{0260004D-F8BB-4A37-AA51-18232D21BA9F}.Debug|Any CPU.Build.0 = Debug|Any CPU
		{0260004D-F8BB-4A37-AA51-18232D21BA9F}.Release|Any CPU.ActiveCfg = Release|Any CPU
		{0260004D-F8BB-4A37-AA51-18232D21BA9F}.Release|Any CPU.Build.0 = Release|Any CPU
		{02748E34-90AF-A998-64FD-952142202DA8}.Debug|Any CPU.ActiveCfg = Debug|Any CPU
		{02748E34-90AF-A998-64FD-952142202DA8}.Debug|Any CPU.Build.0 = Debug|Any CPU
		{02748E34-90AF-A998-64FD-952142202DA8}.Release|Any CPU.ActiveCfg = Release|Any CPU
		{02748E34-90AF-A998-64FD-952142202DA8}.Release|Any CPU.Build.0 = Release|Any CPU
	EndGlobalSection
	GlobalSection(SolutionProperties) = preSolution
		HideSolutionNode = FALSE
	EndGlobalSection
	GlobalSection(ExtensibilityGlobals) = postSolution
		SolutionGuid = {109F133D-26E6-4576-BB76-0C3AC9D0EC96}
	EndGlobalSection
EndGlobal
